{
    "name": "node-red-contrib-ia-cloud-fds",
    "version": "0.0.1",
    "lockfileVersion": 1,
    "requires": true,
    "dependencies": {
        "mcprotocol": {
            "version": "0.1.1",
            "resolved": "https://registry.npmjs.org/mcprotocol/-/mcprotocol-0.1.1.tgz",
            "integrity": "sha1-IXg4WfgGL9MpNEKz5DGFdoD3afw=",
            "requires": {
                "underscore": "1.4.x"
            }
        },
        "underscore": {
            "version": "1.4.4",
            "resolved": "https://registry.npmjs.org/underscore/-/underscore-1.4.4.tgz",
            "integrity": "sha1-YaajIBBiKvoHljvzJSA88SI51gQ="
        }
    }
}
